Microsoft Visual Studio Solution File, Format Version 12.00
# Visual Studio Version 17
VisualStudioVersion = 17.0.31903.59
MinimumVisualStudioVersion = 10.0.40219.1
Project("{2150E333-8FDC-42A3-9474-1A3956D46DE8}") = "src", "src", "{E4B0F96D-CAA7-4F69-B70E-E28282B3D172}"
EndProject
Project("{FAE04EC0-301F-11D3-BF4B-00C04F79EFBC}") = "CoinbaseSandbox.Api", "src\CoinbaseSandbox.Api\CoinbaseSandbox.Api.csproj", "{92BFA066-24A5-4852-B883-59F93A861139}"
EndProject
Project("{FAE04EC0-301F-11D3-BF4B-00C04F79EFBC}") = "CoinbaseSandbox.Domain", "src\CoinbaseSandbox.Domain\CoinbaseSandbox.Domain.csproj", "{8C63D546-0404-41F7-90FD-CD4EDD26F206}"
EndProject
Project("{FAE04EC0-301F-11D3-BF4B-00C04F79EFBC}") = "CoinbaseSandbox.Application", "src\CoinbaseSandbox.Application\CoinbaseSandbox.Application.csproj", "{41E96FA5-6C15-4072-9ED3-53FEE999CF86}"
EndProject
Project("{FAE04EC0-301F-11D3-BF4B-00C04F79EFBC}") = "CoinbaseSandbox.Infrastructure", "src\CoinbaseSandbox.Infrastructure\CoinbaseSandbox.Infrastructure.csproj", "{5CFF9BFD-C131-4E1A-8DF8-FFD456BA1B2A}"
EndProject
Project("{2150E333-8FDC-42A3-9474-1A3956D46DE8}") = "tests", "tests", "{F36782B2-538C-4AE5-8EFF-2395BEC02178}"
EndProject
Project("{FAE04EC0-301F-11D3-BF4B-00C04F79EFBC}") = "IntegrationTests", "tests\IntegrationTests\IntegrationTests.csproj", "{3D26AB47-B1D7-4679-9F3F-ABA03FB817DF}"
EndProject
Global
	GlobalSection(SolutionConfigurationPlatforms) = preSolution
		Debug|Any CPU = Debug|Any CPU
		Release|Any CPU = Release|Any CPU
	EndGlobalSection
	GlobalSection(SolutionProperties) = preSolution
		HideSolutionNode = FALSE
	EndGlobalSection
	GlobalSection(ProjectConfigurationPlatforms) = postSolution
		{92BFA066-24A5-4852-B883-59F93A861139}.Debug|Any CPU.ActiveCfg = Debug|Any CPU
		{92BFA066-24A5-4852-B883-59F93A861139}.Debug|Any CPU.Build.0 = Debug|Any CPU
		{92BFA066-24A5-4852-B883-59F93A861139}.Release|Any CPU.ActiveCfg = Release|Any CPU
		{92BFA066-24A5-4852-B883-59F93A861139}.Release|Any CPU.Build.0 = Release|Any CPU
		{8C63D546-0404-41F7-90FD-CD4EDD26F206}.Debug|Any CPU.ActiveCfg = Debug|Any CPU
		{8C63D546-0404-41F7-90FD-CD4EDD26F206}.Debug|Any CPU.Build.0 = Debug|Any CPU
		{8C63D546-0404-41F7-90FD-CD4EDD26F206}.Release|Any CPU.ActiveCfg = Release|Any CPU
		{8C63D546-0404-41F7-90FD-CD4EDD26F206}.Release|Any CPU.Build.0 = Release|Any CPU
		{41E96FA5-6C15-4072-9ED3-53FEE999CF86}.Debug|Any CPU.ActiveCfg = Debug|Any CPU
		{41E96FA5-6C15-4072-9ED3-53FEE999CF86}.Debug|Any CPU.Build.0 = Debug|Any CPU
		{41E96FA5-6C15-4072-9ED3-53FEE999CF86}.Release|Any CPU.ActiveCfg = Release|Any CPU
		{41E96FA5-6C15-4072-9ED3-53FEE999CF86}.Release|Any CPU.Build.0 = Release|Any CPU
		{5CFF9BFD-C131-4E1A-8DF8-FFD456BA1B2A}.Debug|Any CPU.ActiveCfg = Debug|Any CPU
		{5CFF9BFD-C131-4E1A-8DF8-FFD456BA1B2A}.Debug|Any CPU.Build.0 = Debug|Any CPU
		{5CFF9BFD-C131-4E1A-8DF8-FFD456BA1B2A}.Release|Any CPU.ActiveCfg = Release|Any CPU
		{5CFF9BFD-C131-4E1A-8DF8-FFD456BA1B2A}.Release|Any CPU.Build.0 = Release|Any CPU
		{3D26AB47-B1D7-4679-9F3F-ABA03FB817DF}.Debug|Any CPU.ActiveCfg = Debug|Any CPU
		{3D26AB47-B1D7-4679-9F3F-ABA03FB817DF}.Debug|Any CPU.Build.0 = Debug|Any CPU
		{3D26AB47-B1D7-4679-9F3F-ABA03FB817DF}.Release|Any CPU.ActiveCfg = Release|Any CPU
		{3D26AB47-B1D7-4679-9F3F-ABA03FB817DF}.Release|Any CPU.Build.0 = Release|Any CPU
	EndGlobalSection
	GlobalSection(NestedProjects) = preSolution
		{92BFA066-24A5-4852-B883-59F93A861139} = {E4B0F96D-CAA7-4F69-B70E-E28282B3D172}
		{8C63D546-0404-41F7-90FD-CD4EDD26F206} = {E4B0F96D-CAA7-4F69-B70E-E28282B3D172}
		{41E96FA5-6C15-4072-9ED3-53FEE999CF86} = {E4B0F96D-CAA7-4F69-B70E-E28282B3D172}
		{5CFF9BFD-C131-4E1A-8DF8-FFD456BA1B2A} = {E4B0F96D-CAA7-4F69-B70E-E28282B3D172}
		{3D26AB47-B1D7-4679-9F3F-ABA03FB817DF} = {F36782B2-538C-4AE5-8EFF-2395BEC02178}
	EndGlobalSection
EndGlobal
